
Microsoft Visual Studio Solution File, Format Version 12.00
# Visual Studio Version 17
VisualStudioVersion = 17.5.002.0
MinimumVisualStudioVersion = 10.0.40219.1
Project("{9A19103F-16F7-4668-BE54-9A1E7A4F7556}") = "MyConsoleApp", "MyConsoleApp.csproj", "{8A93C834-FC7C-4FAC-9C17-BF56A30C54FA}"
EndProject
Global
	GlobalSection(SolutionConfigurationPlatforms) = preSolution
		Debug|Any CPU = Debug|Any CPU
		Release|Any CPU = Release|Any CPU
	EndGlobalSection
	GlobalSection(ProjectConfigurationPlatforms) = postSolution
		{8A93C834-FC7C-4FAC-9C17-BF56A30C54FA}.Debug|Any CPU.ActiveCfg = Debug|Any CPU
		{8A93C834-FC7C-4FAC-9C17-BF56A30C54FA}.Debug|Any CPU.Build.0 = Debug|Any CPU
		{8A93C834-FC7C-4FAC-9C17-BF56A30C54FA}.Release|Any CPU.ActiveCfg = Release|Any CPU
		{8A93C834-FC7C-4FAC-9C17-BF56A30C54FA}.Release|Any CPU.Build.0 = Release|Any CPU
	EndGlobalSection
	GlobalSection(SolutionProperties) = preSolution
		HideSolutionNode = FALSE
	EndGlobalSection
	GlobalSection(ExtensibilityGlobals) = postSolution
		SolutionGuid = {E539B556-E7ED-43F3-AADC-1949CC71F1C3}
	EndGlobalSection
EndGlobal
